{
  "name": "severino-brand",
  "version": "1.0.0",
  "lockfileVersion": 3,
  "requires": true,
  "packages": {
    "": {
      "name": "severino-brand",
      "version": "1.0.0",
      "dependencies": {
        "branding-engine": "file:../../Projects/branding-engine"
      }
    },
    "../../Projects/branding-engine": {
      "version": "0.1.0",
      "license": "SEE LICENSE IN LICENSE",
      "dependencies": {
        "sharp": "0.34.5"
      },
      "bin": {
        "branding-engine": "bin/cli.mjs"
      },
      "engines": {
        "node": ">=18"
      },
      "optionalDependencies": {
        "@playwright/test": "^1.60.0"
      }
    },
    "node_modules/branding-engine": {
      "resolved": "../../Projects/branding-engine",
      "link": true
    }
  }
}
